
Microsoft Visual Studio Solution File, Format Version 12.00
Project("{FAE04EC0-301F-11D3-BF4B-00C04F79EFBC}") = "webapi", "webapi\webapi.csproj", "{913DA60A-3E3E-46E8-9265-47D8A22E3EAB}"
EndProject
Global
	GlobalSection(SolutionConfigurationPlatforms) = preSolution
		Debug|Any CPU = Debug|Any CPU
		Release|Any CPU = Release|Any CPU
	EndGlobalSection
	GlobalSection(ProjectConfigurationPlatforms) = postSolution
		{913DA60A-3E3E-46E8-9265-47D8A22E3EAB}.Debug|Any CPU.ActiveCfg = Debug|Any CPU
		{913DA60A-3E3E-46E8-9265-47D8A22E3EAB}.Debug|Any CPU.Build.0 = Debug|Any CPU
		{913DA60A-3E3E-46E8-9265-47D8A22E3EAB}.Release|Any CPU.ActiveCfg = Release|Any CPU
		{913DA60A-3E3E-46E8-9265-47D8A22E3EAB}.Release|Any CPU.Build.0 = Release|Any CPU
	EndGlobalSection
EndGlobal
